// !$*UTF8*$!
{
	archiveVersion = 1;
	classes = {
	};
	objectVersion = 51;
	objects = {

/* Begin PBXBuildFile section */
		254AD4B924CF7E030015AC0C /* AppDelegate.swift in Sources */ = {isa = PBXBuildFile; fileRef = 254AD4B824CF7E030015AC0C /* AppDelegate.swift */; };
		254AD4BD24CF7E030015AC0C /* ViewController.swift in Sources */ = {isa = PBXBuildFile; fileRef = 254AD4BC24CF7E030015AC0C /* ViewController.swift */; };
		254AD4C024CF7E030015AC0C /* Main.storyboard in Resources */ = {isa = PBXBuildFile; fileRef = 254AD4BE24CF7E030015AC0C /* Main.storyboard */; };
		254AD4C224CF7E050015AC0C /* Assets.xcassets in Resources */ = {isa = PBXBuildFile; fileRef = 254AD4C124CF7E050015AC0C /* Assets.xcassets */; };
		254AD4C524CF7E050015AC0C /* LaunchScreen.storyboard in Resources */ = {isa = PBXBuildFile; fileRef = 254AD4C324CF7E050015AC0C /* LaunchScreen.storyboard */; };
		254AD4D024CF7E800015AC0C /* ApplicationServices.swift in Sources */ = {isa = PBXBuildFile; fileRef = 254AD4CF24CF7E800015AC0C /* ApplicationServices.swift */; };
		254AD4D324CF7EBC0015AC0C /* BaseService.swift in Sources */ = {isa = PBXBuildFile; fileRef = 254AD4D224CF7EBC0015AC0C /* BaseService.swift */; };
		254AD4D624CF7EDE0015AC0C /* Encodable+Extension.swift in Sources */ = {isa = PBXBuildFile; fileRef = 254AD4D524CF7EDE0015AC0C /* Encodable+Extension.swift */; };
		254AD4D824CF7F1D0015AC0C /* BusinessManager.swift in Sources */ = {isa = PBXBuildFile; fileRef = 254AD4D724CF7F1D0015AC0C /* BusinessManager.swift */; };
		254AD4DA24CF7F9A0015AC0C /* Dictionary+Extension.swift in Sources */ = {isa = PBXBuildFile; fileRef = 254AD4D924CF7F9A0015AC0C /* Dictionary+Extension.swift */; };
		254AD4DE24CF7FDA0015AC0C /* BusinessModel.swift in Sources */ = {isa = PBXBuildFile; fileRef = 254AD4DD24CF7FDA0015AC0C /* BusinessModel.swift */; };
		254AD4E024CF85980015AC0C /* UIViewController+Activity.swift in Sources */ = {isa = PBXBuildFile; fileRef = 254AD4DF24CF85980015AC0C /* UIViewController+Activity.swift */; };
		254AD4E424CF86280015AC0C /* SearchCollectionViewCell.swift in Sources */ = {isa = PBXBuildFile; fileRef = 254AD4E224CF86280015AC0C /* SearchCollectionViewCell.swift */; };
		254AD4E524CF86280015AC0C /* SearchCollectionViewCell.xib in Resources */ = {isa = PBXBuildFile; fileRef = 254AD4E324CF86280015AC0C /* SearchCollectionViewCell.xib */; };
		254AD4E724CFBA1C0015AC0C /* DetailViewController.swift in Sources */ = {isa = PBXBuildFile; fileRef = 254AD4E624CFBA1C0015AC0C /* DetailViewController.swift */; };
		2593CF7624D05471006A33F1 /* BaseViewController.swift in Sources */ = {isa = PBXBuildFile; fileRef = 2593CF7524D05471006A33F1 /* BaseViewController.swift */; };
		25DFC5CE24D1ECB20083473A /* UICollectionView+Extension.swift in Sources */ = {isa = PBXBuildFile; fileRef = 25DFC5CD24D1ECB20083473A /* UICollectionView+Extension.swift */; };
		972FD6CB1048B64DDF9D4C71 /* Pods_YelpSearch.framework in Frameworks */ = {isa = PBXBuildFile; fileRef = 03D2374123DC8EBB356E1A1E /* Pods_YelpSearch.framework */; };
/* End PBXBuildFile section */

/* Begin PBXFileReference section */
		03D2374123DC8EBB356E1A1E /* Pods_YelpSearch.framework */ = {isa = PBXFileReference; explicitFileType = wrapper.framework; includeInIndex = 0; path = Pods_YelpSearch.framework; sourceTree = BUILT_PRODUCTS_DIR; };
		254AD4B524CF7E030015AC0C /* YelpSearch.app */ = {isa = PBXFileReference; explicitFileType = wrapper.application; includeInIndex = 0; path = YelpSearch.app; sourceTree = BUILT_PRODUCTS_DIR; };
		254AD4B824CF7E030015AC0C /* AppDelegate.swift */ = {isa = PBXFileReference; lastKnownFileType = sourcecode.swift; path = AppDelegate.swift; sourceTree = "<group>"; };
		254AD4BC24CF7E030015AC0C /* ViewController.swift */ = {isa = PBXFileReference; lastKnownFileType = sourcecode.swift; path = ViewController.swift; sourceTree = "<group>"; };
		254AD4BF24CF7E030015AC0C /* Base */ = {isa = PBXFileReference; lastKnownFileType = file.storyboard; name = Base; path = Base.lproj/Main.storyboard; sourceTree = "<group>"; };
		254AD4C124CF7E050015AC0C /* Assets.xcassets */ = {isa = PBXFileReference; lastKnownFileType = folder.assetcatalog; path = Assets.xcassets; sourceTree = "<group>"; };
		254AD4C424CF7E050015AC0C /* Base */ = {isa = PBXFileReference; lastKnownFileType = file.storyboard; name = Base; path = Base.lproj/LaunchScreen.storyboard; sourceTree = "<group>"; };
		254AD4C624CF7E050015AC0C /* Info.plist */ = {isa = PBXFileReference; lastKnownFileType = text.plist.xml; path = Info.plist; sourceTree = "<group>"; };
		254AD4CF24CF7E800015AC0C /* ApplicationServices.swift */ = {isa = PBXFileReference; lastKnownFileType = sourcecode.swift; path = ApplicationServices.swift; sourceTree = "<group>"; };
		254AD4D224CF7EBC0015AC0C /* BaseService.swift */ = {isa = PBXFileReference; lastKnownFileType = sourcecode.swift; path = BaseService.swift; sourceTree = "<group>"; };
		254AD4D524CF7EDE0015AC0C /* Encodable+Extension.swift */ = {isa = PBXFileReference; lastKnownFileType = sourcecode.swift; path = "Encodable+Extension.swift"; sourceTree = "<group>"; };
		254AD4D724CF7F1D0015AC0C /* BusinessManager.swift */ = {isa = PBXFileReference; lastKnownFileType = sourcecode.swift; path = BusinessManager.swift; sourceTree = "<group>"; };
		254AD4D924CF7F9A0015AC0C /* Dictionary+Extension.swift */ = {isa = PBXFileReference; lastKnownFileType = sourcecode.swift; path = "Dictionary+Extension.swift"; sourceTree = "<group>"; };
		254AD4DD24CF7FDA0015AC0C /* BusinessModel.swift */ = {isa = PBXFileReference; lastKnownFileType = sourcecode.swift; path = BusinessModel.swift; sourceTree = "<group>"; };
		254AD4DF24CF85980015AC0C /* UIViewController+Activity.swift */ = {isa = PBXFileReference; lastKnownFileType = sourcecode.swift; path = "UIViewController+Activity.swift"; sourceTree = "<group>"; };
		254AD4E224CF86280015AC0C /* SearchCollectionViewCell.swift */ = {isa = PBXFileReference; lastKnownFileType = sourcecode.swift; path = SearchCollectionViewCell.swift; sourceTree = "<group>"; };
		254AD4E324CF86280015AC0C /* SearchCollectionViewCell.xib */ = {isa = PBXFileReference; lastKnownFileType = file.xib; path = SearchCollectionViewCell.xib; sourceTree = "<group>"; };
		254AD4E624CFBA1C0015AC0C /* DetailViewController.swift */ = {isa = PBXFileReference; lastKnownFileType = sourcecode.swift; path = DetailViewController.swift; sourceTree = "<group>"; };
		2593CF7524D05471006A33F1 /* BaseViewController.swift */ = {isa = PBXFileReference; lastKnownFileType = sourcecode.swift; path = BaseViewController.swift; sourceTree = "<group>"; };
		25DFC5CD24D1ECB20083473A /* UICollectionView+Extension.swift */ = {isa = PBXFileReference; lastKnownFileType = sourcecode.swift; path = "UICollectionView+Extension.swift"; sourceTree = "<group>"; };
		76C4452C53C3B87A610C71D5 /* Pods-YelpSearch.release.xcconfig */ = {isa = PBXFileReference; includeInIndex = 1; lastKnownFileType = text.xcconfig; name = "Pods-YelpSearch.release.xcconfig"; path = "Target Support Files/Pods-YelpSearch/Pods-YelpSearch.release.xcconfig"; sourceTree = "<group>"; };
		EB32B40A49542B6959F48916 /* Pods-YelpSearch.debug.xcconfig */ = {isa = PBXFileReference; includeInIndex = 1; lastKnownFileType = text.xcconfig; name = "Pods-YelpSearch.debug.xcconfig"; path = "Target Support Files/Pods-YelpSearch/Pods-YelpSearch.debug.xcconfig"; sourceTree = "<group>"; };
/* End PBXFileReference section */

/* Begin PBXFrameworksBuildPhase section */
		254AD4B224CF7E030015AC0C /* Frameworks */ = {
			isa = PBXFrameworksBuildPhase;
			buildActionMask = 2147483647;
			files = (
				972FD6CB1048B64DDF9D4C71 /* Pods_YelpSearch.framework in Frameworks */,
			);
			runOnlyForDeploymentPostprocessing = 0;
		};
/* End PBXFrameworksBuildPhase section */

/* Begin PBXGroup section */
		1C3321D0CFFDAE8A16446EBB /* Frameworks */ = {
			isa = PBXGroup;
			children = (
				03D2374123DC8EBB356E1A1E /* Pods_YelpSearch.framework */,
			);
			name = Frameworks;
			sourceTree = "<group>";
		};
		254AD4AC24CF7E030015AC0C = {
			isa = PBXGroup;
			children = (
				254AD4B724CF7E030015AC0C /* YelpSearch */,
				254AD4B624CF7E030015AC0C /* Products */,
				A75EE3E8537000BE87AF58F0 /* Pods */,
				1C3321D0CFFDAE8A16446EBB /* Frameworks */,
			);
			sourceTree = "<group>";
		};
		254AD4B624CF7E030015AC0C /* Products */ = {
			isa = PBXGroup;
			children = (
				254AD4B524CF7E030015AC0C /* YelpSearch.app */,
			);
			name = Products;
			sourceTree = "<group>";
		};
		254AD4B724CF7E030015AC0C /* YelpSearch */ = {
			isa = PBXGroup;
			children = (
				254AD4B824CF7E030015AC0C /* AppDelegate.swift */,
				254AD4CF24CF7E800015AC0C /* ApplicationServices.swift */,
				254AD4D424CF7EC20015AC0C /* Extensions */,
				254AD4D124CF7EA80015AC0C /* Network */,
				254AD4CE24CF7E290015AC0C /* Controller */,
				254AD4CC24CF7E150015AC0C /* View */,
				254AD4DB24CF7FB70015AC0C /* Model */,
				254AD4C124CF7E050015AC0C /* Assets.xcassets */,
				254AD4C624CF7E050015AC0C /* Info.plist */,
			);
			path = YelpSearch;
			sourceTree = "<group>";
		};
		254AD4CC24CF7E150015AC0C /* View */ = {
			isa = PBXGroup;
			children = (
				254AD4C324CF7E050015AC0C /* LaunchScreen.storyboard */,
				254AD4BE24CF7E030015AC0C /* Main.storyboard */,
			);
			path = View;
			sourceTree = "<group>";
		};
		254AD4CE24CF7E290015AC0C /* Controller */ = {
			isa = PBXGroup;
			children = (
				254AD4E124CF860D0015AC0C /* Cell */,
				254AD4BC24CF7E030015AC0C /* ViewController.swift */,
				254AD4E624CFBA1C0015AC0C /* DetailViewController.swift */,
				2593CF7524D05471006A33F1 /* BaseViewController.swift */,
			);
			path = Controller;
			sourceTree = "<group>";
		};
		254AD4D124CF7EA80015AC0C /* Network */ = {
			isa = PBXGroup;
			children = (
				254AD4D224CF7EBC0015AC0C /* BaseService.swift */,
				254AD4D724CF7F1D0015AC0C /* BusinessManager.swift */,
			);
			path = Network;
			sourceTree = "<group>";
		};
		254AD4D424CF7EC20015AC0C /* Extensions */ = {
			isa = PBXGroup;
			children = (
				254AD4D524CF7EDE0015AC0C /* Encodable+Extension.swift */,
				254AD4D924CF7F9A0015AC0C /* Dictionary+Extension.swift */,
				254AD4DF24CF85980015AC0C /* UIViewController+Activity.swift */,
				25DFC5CD24D1ECB20083473A /* UICollectionView+Extension.swift */,
			);
			path = Extensions;
			sourceTree = "<group>";
		};
		254AD4DB24CF7FB70015AC0C /* Model */ = {
			isa = PBXGroup;
			children = (
				254AD4DD24CF7FDA0015AC0C /* BusinessModel.swift */,
			);
			path = Model;
			sourceTree = "<group>";
		};
		254AD4E124CF860D0015AC0C /* Cell */ = {
			isa = PBXGroup;
			children = (
				254AD4E224CF86280015AC0C /* SearchCollectionViewCell.swift */,
				254AD4E324CF86280015AC0C /* SearchCollectionViewCell.xib */,
			);
			path = Cell;
			sourceTree = "<group>";
		};
		A75EE3E8537000BE87AF58F0 /* Pods */ = {
			isa = PBXGroup;
			children = (
				EB32B40A49542B6959F48916 /* Pods-YelpSearch.debug.xcconfig */,
				76C4452C53C3B87A610C71D5 /* Pods-YelpSearch.release.xcconfig */,
			);
			path = Pods;
			sourceTree = "<group>";
		};
/* End PBXGroup section */

/* Begin PBXNativeTarget section */
		254AD4B424CF7E030015AC0C /* YelpSearch */ = {
			isa = PBXNativeTarget;
			buildConfigurationList = 254AD4C924CF7E050015AC0C /* Build configuration list for PBXNativeTarget "YelpSearch" */;
			buildPhases = (
				94AA88D9AAB89CC9BA03F48C /* [CP] Check Pods Manifest.lock */,
				254AD4B124CF7E030015AC0C /* Sources */,
				254AD4B224CF7E030015AC0C /* Frameworks */,
				254AD4B324CF7E030015AC0C /* Resources */,
				0B426BF52FEFFB473224FD3D /* [CP] Embed Pods Frameworks */,
			);
			buildRules = (
			);
			dependencies = (
			);
			name = YelpSearch;
			productName = YelpSearch;
			productReference = 254AD4B524CF7E030015AC0C /* YelpSearch.app */;
			productType = "com.apple.product-type.application";
		};
/* End PBXNativeTarget section */

/* Begin PBXProject section */
		254AD4AD24CF7E030015AC0C /* Project object */ = {
			isa = PBXProject;
			attributes = {
				LastSwiftUpdateCheck = 1160;
				LastUpgradeCheck = 1160;
				ORGANIZATIONNAME = SaileePereira;
				TargetAttributes = {
					254AD4B424CF7E030015AC0C = {
						CreatedOnToolsVersion = 11.6;
					};
				};
			};
			buildConfigurationList = 254AD4B024CF7E030015AC0C /* Build configuration list for PBXProject "YelpSearch" */;
			compatibilityVersion = "Xcode 9.3";
			developmentRegion = en;
			hasScannedForEncodings = 0;
			knownRegions = (
				en,
				Base,
			);
			mainGroup = 254AD4AC24CF7E030015AC0C;
			productRefGroup = 254AD4B624CF7E030015AC0C /* Products */;
			projectDirPath = "";
			projectRoot = "";
			targets = (
				254AD4B424CF7E030015AC0C /* YelpSearch */,
			);
		};
/* End PBXProject section */

/* Begin PBXResourcesBuildPhase section */
		254AD4B324CF7E030015AC0C /* Resources */ = {
			isa = PBXResourcesBuildPhase;
			buildActionMask = 2147483647;
			files = (
				254AD4C524CF7E050015AC0C /* LaunchScreen.storyboard in Resources */,
				254AD4C224CF7E050015AC0C /* Assets.xcassets in Resources */,
				254AD4E524CF86280015AC0C /* SearchCollectionViewCell.xib in Resources */,
				254AD4C024CF7E030015AC0C /* Main.storyboard in Resources */,
			);
			runOnlyForDeploymentPostprocessing = 0;
		};
/* End PBXResourcesBuildPhase section */

/* Begin PBXShellScriptBuildPhase section */
		0B426BF52FEFFB473224FD3D /* [CP] Embed Pods Frameworks */ = {
			isa = PBXShellScriptBuildPhase;
			buildActionMask = 2147483647;
			files = (
			);
			inputFileListPaths = (
				"${PODS_ROOT}/Target Support Files/Pods-YelpSearch/Pods-YelpSearch-frameworks-${CONFIGURATION}-input-files.xcfilelist",
			);
			name = "[CP] Embed Pods Frameworks";
			outputFileListPaths = (
				"${PODS_ROOT}/Target Support Files/Pods-YelpSearch/Pods-YelpSearch-frameworks-${CONFIGURATION}-output-files.xcfilelist",
			);
			runOnlyForDeploymentPostprocessing = 0;
			shellPath = /bin/sh;
			shellScript = "\"${PODS_ROOT}/Target Support Files/Pods-YelpSearch/Pods-YelpSearch-frameworks.sh\"\n";
			showEnvVarsInLog = 0;
		};
		94AA88D9AAB89CC9BA03F48C /* [CP] Check Pods Manifest.lock */ = {
			isa = PBXShellScriptBuildPhase;
			buildActionMask = 2147483647;
			files = (
			);
			inputFileListPaths = (
			);
			inputPaths = (
				"${PODS_PODFILE_DIR_PATH}/Podfile.lock",
				"${PODS_ROOT}/Manifest.lock",
			);
			name = "[CP] Check Pods Manifest.lock";
			outputFileListPaths = (
			);
			outputPaths = (
				"$(DERIVED_FILE_DIR)/Pods-YelpSearch-checkManifestLockResult.txt",
			);
			runOnlyForDeploymentPostprocessing = 0;
			shellPath = /bin/sh;
			shellScript = "diff \"${PODS_PODFILE_DIR_PATH}/Podfile.lock\" \"${PODS_ROOT}/Manifest.lock\" > /dev/null\nif [ $? != 0 ] ; then\n    # print error to STDERR\n    echo \"error: The sandbox is not in sync with the Podfile.lock. Run 'pod install' or update your CocoaPods installation.\" >&2\n    exit 1\nfi\n# This output is used by Xcode 'outputs' to avoid re-running this script phase.\necho \"SUCCESS\" > \"${SCRIPT_OUTPUT_FILE_0}\"\n";
			showEnvVarsInLog = 0;
		};
/* End PBXShellScriptBuildPhase section */

/* Begin PBXSourcesBuildPhase section */
		254AD4B124CF7E030015AC0C /* Sources */ = {
			isa = PBXSourcesBuildPhase;
			buildActionMask = 2147483647;
			files = (
				254AD4E724CFBA1C0015AC0C /* DetailViewController.swift in Sources */,
				254AD4D024CF7E800015AC0C /* ApplicationServices.swift in Sources */,
				254AD4BD24CF7E030015AC0C /* ViewController.swift in Sources */,
				254AD4B924CF7E030015AC0C /* AppDelegate.swift in Sources */,
				254AD4E024CF85980015AC0C /* UIViewController+Activity.swift in Sources */,
				2593CF7624D05471006A33F1 /* BaseViewController.swift in Sources */,
				25DFC5CE24D1ECB20083473A /* UICollectionView+Extension.swift in Sources */,
				254AD4E424CF86280015AC0C /* SearchCollectionViewCell.swift in Sources */,
				254AD4DA24CF7F9A0015AC0C /* Dictionary+Extension.swift in Sources */,
				254AD4D324CF7EBC0015AC0C /* BaseService.swift in Sources */,
				254AD4DE24CF7FDA0015AC0C /* BusinessModel.swift in Sources */,
				254AD4D824CF7F1D0015AC0C /* BusinessManager.swift in Sources */,
				254AD4D624CF7EDE0015AC0C /* Encodable+Extension.swift in Sources */,
			);
			runOnlyForDeploymentPostprocessing = 0;
		};
/* End PBXSourcesBuildPhase section */

/* Begin PBXVariantGroup section */
		254AD4BE24CF7E030015AC0C /* Main.storyboard */ = {
			isa = PBXVariantGroup;
			children = (
				254AD4BF24CF7E030015AC0C /* Base */,
			);
			name = Main.storyboard;
			sourceTree = "<group>";
		};
		254AD4C324CF7E050015AC0C /* LaunchScreen.storyboard */ = {
			isa = PBXVariantGroup;
			children = (
				254AD4C424CF7E050015AC0C /* Base */,
			);
			name = LaunchScreen.storyboard;
			sourceTree = "<group>";
		};
/* End PBXVariantGroup section */

/* Begin XCBuildConfiguration section */
		254AD4C724CF7E050015AC0C /* Debug */ = {
			isa = XCBuildConfiguration;
			buildSettings = {
				ALWAYS_SEARCH_USER_PATHS = NO;
				CLANG_ANALYZER_NONNULL = YES;
				CLANG_ANALYZER_NUMBER_OBJECT_CONVERSION = YES_AGGRESSIVE;
				CLANG_CXX_LANGUAGE_STANDARD = "gnu++14";
				CLANG_CXX_LIBRARY = "libc++";
				CLANG_ENABLE_MODULES = YES;
				CLANG_ENABLE_OBJC_ARC = YES;
				CLANG_ENABLE_OBJC_WEAK = YES;
				CLANG_WARN_BLOCK_CAPTURE_AUTORELEASING = YES;
				CLANG_WARN_BOOL_CONVERSION = YES;
				CLANG_WARN_COMMA = YES;
				CLANG_WARN_CONSTANT_CONVERSION = YES;
				CLANG_WARN_DEPRECATED_OBJC_IMPLEMENTATIONS = YES;
				CLANG_WARN_DIRECT_OBJC_ISA_USAGE = YES_ERROR;
				CLANG_WARN_DOCUMENTATION_COMMENTS = YES;
				CLANG_WARN_EMPTY_BODY = YES;
				CLANG_WARN_ENUM_CONVERSION = YES;
				CLANG_WARN_INFINITE_RECURSION = YES;
				CLANG_WARN_INT_CONVERSION = YES;
				CLANG_WARN_NON_LITERAL_NULL_CONVERSION = YES;
				CLANG_WARN_OBJC_IMPLICIT_RETAIN_SELF = YES;
				CLANG_WARN_OBJC_LITERAL_CONVERSION = YES;
				CLANG_WARN_OBJC_ROOT_CLASS = YES_ERROR;
				CLANG_WARN_RANGE_LOOP_ANALYSIS = YES;
				CLANG_WARN_STRICT_PROTOTYPES = YES;
				CLANG_WARN_SUSPICIOUS_MOVE = YES;
				CLANG_WARN_UNGUARDED_AVAILABILITY = YES_AGGRESSIVE;
				CLANG_WARN_UNREACHABLE_CODE = YES;
				CLANG_WARN__DUPLICATE_METHOD_MATCH = YES;
				COPY_PHASE_STRIP = NO;
				DEBUG_INFORMATION_FORMAT = dwarf;
				ENABLE_STRICT_OBJC_MSGSEND = YES;
				ENABLE_TESTABILITY = YES;
				GCC_C_LANGUAGE_STANDARD = gnu11;
				GCC_DYNAMIC_NO_PIC = NO;
				GCC_NO_COMMON_BLOCKS = YES;
				GCC_OPTIMIZATION_LEVEL = 0;
				GCC_PREPROCESSOR_DEFINITIONS = (
					"DEBUG=1",
					"$(inherited)",
				);
				GCC_WARN_64_TO_32_BIT_CONVERSION = YES;
				GCC_WARN_ABOUT_RETURN_TYPE = YES_ERROR;
				GCC_WARN_UNDECLARED_SELECTOR = YES;
				GCC_WARN_UNINITIALIZED_AUTOS = YES_AGGRESSIVE;
				GCC_WARN_UNUSED_FUNCTION = YES;
				GCC_WARN_UNUSED_VARIABLE = YES;
				IPHONEOS_DEPLOYMENT_TARGET = 13.6;
				MTL_ENABLE_DEBUG_INFO = INCLUDE_SOURCE;
				MTL_FAST_MATH = YES;
				ONLY_ACTIVE_ARCH = YES;
				SDKROOT = iphoneos;
				SWIFT_ACTIVE_COMPILATION_CONDITIONS = DEBUG;
				SWIFT_OPTIMIZATION_LEVEL = "-Onone";
			};
			name = Debug;
		};
		254AD4C824CF7E050015AC0C /* Release */ = {
			isa = XCBuildConfiguration;
			buildSettings = {
				ALWAYS_SEARCH_USER_PATHS = NO;
				CLANG_ANALYZER_NONNULL = YES;
				CLANG_ANALYZER_NUMBER_OBJECT_CONVERSION = YES_AGGRESSIVE;
				CLANG_CXX_LANGUAGE_STANDARD = "gnu++14";
				CLANG_CXX_LIBRARY = "libc++";
				CLANG_ENABLE_MODULES = YES;
				CLANG_ENABLE_OBJC_ARC = YES;
				CLANG_ENABLE_OBJC_WEAK = YES;
				CLANG_WARN_BLOCK_CAPTURE_AUTORELEASING = YES;
				CLANG_WARN_BOOL_CONVERSION = YES;
				CLANG_WARN_COMMA = YES;
				CLANG_WARN_CONSTANT_CONVERSION = YES;
				CLANG_WARN_DEPRECATED_OBJC_IMPLEMENTATIONS = YES;
				CLANG_WARN_DIRECT_OBJC_ISA_USAGE = YES_ERROR;
				CLANG_WARN_DOCUMENTATION_COMMENTS = YES;
				CLANG_WARN_EMPTY_BODY = YES;
				CLANG_WARN_ENUM_CONVERSION = YES;
				CLANG_WARN_INFINITE_RECURSION = YES;
				CLANG_WARN_INT_CONVERSION = YES;
				CLANG_WARN_NON_LITERAL_NULL_CONVERSION = YES;
				CLANG_WARN_OBJC_IMPLICIT_RETAIN_SELF = YES;
				CLANG_WARN_OBJC_LITERAL_CONVERSION = YES;
				CLANG_WARN_OBJC_ROOT_CLASS = YES_ERROR;
				CLANG_WARN_RANGE_LOOP_ANALYSIS = YES;
				CLANG_WARN_STRICT_PROTOTYPES = YES;
				CLANG_WARN_SUSPICIOUS_MOVE = YES;
				CLANG_WARN_UNGUARDED_AVAILABILITY = YES_AGGRESSIVE;
				CLANG_WARN_UNREACHABLE_CODE = YES;
				CLANG_WARN__DUPLICATE_METHOD_MATCH = YES;
				COPY_PHASE_STRIP = NO;
				DEBUG_INFORMATION_FORMAT = "dwarf-with-dsym";
				ENABLE_NS_ASSERTIONS = NO;
				ENABLE_STRICT_OBJC_MSGSEND = YES;
				GCC_C_LANGUAGE_STANDARD = gnu11;
				GCC_NO_COMMON_BLOCKS = YES;
				GCC_WARN_64_TO_32_BIT_CONVERSION = YES;
				GCC_WARN_ABOUT_RETURN_TYPE = YES_ERROR;
				GCC_WARN_UNDECLARED_SELECTOR = YES;
				GCC_WARN_UNINITIALIZED_AUTOS = YES_AGGRESSIVE;
				GCC_WARN_UNUSED_FUNCTION = YES;
				GCC_WARN_UNUSED_VARIABLE = YES;
				IPHONEOS_DEPLOYMENT_TARGET = 13.6;
				MTL_ENABLE_DEBUG_INFO = NO;
				MTL_FAST_MATH = YES;
				SDKROOT = iphoneos;
				SWIFT_COMPILATION_MODE = wholemodule;
				SWIFT_OPTIMIZATION_LEVEL = "-O";
				VALIDATE_PRODUCT = YES;
			};
			name = Release;
		};
		254AD4CA24CF7E050015AC0C /* Debug */ = {
			isa = XCBuildConfiguration;
			baseConfigurationReference = EB32B40A49542B6959F48916 /* Pods-YelpSearch.debug.xcconfig */;
			buildSettings = {
				ASSETCATALOG_COMPILER_APPICON_NAME = AppIcon;
				CODE_SIGN_STYLE = Automatic;
				DEVELOPMENT_TEAM = P2TYY7GH3U;
				INFOPLIST_FILE = YelpSearch/Info.plist;
				IPHONEOS_DEPLOYMENT_TARGET = 12.0;
				LD_RUNPATH_SEARCH_PATHS = (
					"$(inherited)",
					"@executable_path/Frameworks",
				);
				PRODUCT_BUNDLE_IDENTIFIER = com.app.YelpSearch.YelpSearch;
				PRODUCT_NAME = "$(TARGET_NAME)";
				SWIFT_VERSION = 5.0;
				TARGETED_DEVICE_FAMILY = "1,2";
			};
			name = Debug;
		};
		254AD4CB24CF7E050015AC0C /* Release */ = {
			isa = XCBuildConfiguration;
			baseConfigurationReference = 76C4452C53C3B87A610C71D5 /* Pods-YelpSearch.release.xcconfig */;
			buildSettings = {
				ASSETCATALOG_COMPILER_APPICON_NAME = AppIcon;
				CODE_SIGN_STYLE = Automatic;
				DEVELOPMENT_TEAM = P2TYY7GH3U;
				INFOPLIST_FILE = YelpSearch/Info.plist;
				IPHONEOS_DEPLOYMENT_TARGET = 12.0;
				LD_RUNPATH_SEARCH_PATHS = (
					"$(inherited)",
					"@executable_path/Frameworks",
				);
				PRODUCT_BUNDLE_IDENTIFIER = com.app.YelpSearch.YelpSearch;
				PRODUCT_NAME = "$(TARGET_NAME)";
				SWIFT_VERSION = 5.0;
				TARGETED_DEVICE_FAMILY = "1,2";
			};
			name = Release;
		};
/* End XCBuildConfiguration section */

/* Begin XCConfigurationList section */
		254AD4B024CF7E030015AC0C /* Build configuration list for PBXProject "YelpSearch" */ = {
			isa = XCConfigurationList;
			buildConfigurations = (
				254AD4C724CF7E050015AC0C /* Debug */,
				254AD4C824CF7E050015AC0C /* Release */,
			);
			defaultConfigurationIsVisible = 0;
			defaultConfigurationName = Release;
		};
		254AD4C924CF7E050015AC0C /* Build configuration list for PBXNativeTarget "YelpSearch" */ = {
			isa = XCConfigurationList;
			buildConfigurations = (
				254AD4CA24CF7E050015AC0C /* Debug */,
				254AD4CB24CF7E050015AC0C /* Release */,
			);
			defaultConfigurationIsVisible = 0;
			defaultConfigurationName = Release;
		};
/* End XCConfigurationList section */
	};
	rootObject = 254AD4AD24CF7E030015AC0C /* Project object */;
}
